
Microsoft Visual Studio Solution File, Format Version 12.00
# Visual Studio Version 17
VisualStudioVersion = 17.6.33723.286
MinimumVisualStudioVersion = 10.0.40219.1
Project("{8BC9CEB8-8B4A-11D0-8D11-00A0C91BC942}") = "Engine", "Engine\Engine.vcxproj", "{BDD29F1A-A412-49AB-BCA5-4ABDE972CCD0}"
EndProject
Project("{8BC9CEB8-8B4A-11D0-8D11-00A0C91BC942}") = "ModelFileWriter", "ModelFileWriter\ModelFileWriter.vcxproj", "{EB970504-1E3B-497A-B585-9757B2E0CA8A}"
EndProject
Project("{8BC9CEB8-8B4A-11D0-8D11-00A0C91BC942}") = "AudioEngine", "AudioEngine\AudioEngine.vcxproj", "{4C9186F8-8454-43AC-BDEC-7C1DAC8019BA}"
EndProject
Project("{8BC9CEB8-8B4A-11D0-8D11-00A0C91BC942}") = "EngineLibs", "EngineLibs\EngineLibs.vcxproj", "{0E39AFED-B3C1-49A9-9C03-9238C7BC651F}"
EndProject
Project("{8BC9CEB8-8B4A-11D0-8D11-00A0C91BC942}") = "MathLib", "MathLib\MathLib.vcxproj", "{25F4B6F2-30F1-457C-A037-55F357FB25E3}"
EndProject
Project("{8BC9CEB8-8B4A-11D0-8D11-00A0C91BC942}") = "FileSystem", "FileSystem\FileSystem.vcxproj", "{45CE2145-26B3-41FC-8650-B1F94255C350}"
EndProject
Project("{8BC9CEB8-8B4A-11D0-8D11-00A0C91BC942}") = "MemSystem", "MemSystem\MemSystem.vcxproj", "{10BD468D-4F19-4FB4-AC89-71FC1DD2A802}"
EndProject
Project("{8BC9CEB8-8B4A-11D0-8D11-00A0C91BC942}") = "PCSTree", "PCSTree\PCSTree.vcxproj", "{8D3FBA19-A9A1-4480-8C70-349BAC04CAEA}"
EndProject
Global
	GlobalSection(SolutionConfigurationPlatforms) = preSolution
		Debug|x64 = Debug|x64
		Debug|x86 = Debug|x86
		OldDebug|x64 = OldDebug|x64
		OldDebug|x86 = OldDebug|x86
		Release|x64 = Release|x64
		Release|x86 = Release|x86
	EndGlobalSection
	GlobalSection(ProjectConfigurationPlatforms) = postSolution
		{BDD29F1A-A412-49AB-BCA5-4ABDE972CCD0}.Debug|x64.ActiveCfg = Debug|x64
		{BDD29F1A-A412-49AB-BCA5-4ABDE972CCD0}.Debug|x64.Build.0 = Debug|x64
		{BDD29F1A-A412-49AB-BCA5-4ABDE972CCD0}.Debug|x86.ActiveCfg = Debug|Win32
		{BDD29F1A-A412-49AB-BCA5-4ABDE972CCD0}.Debug|x86.Build.0 = Debug|Win32
		{BDD29F1A-A412-49AB-BCA5-4ABDE972CCD0}.OldDebug|x64.ActiveCfg = OldDebug|x64
		{BDD29F1A-A412-49AB-BCA5-4ABDE972CCD0}.OldDebug|x64.Build.0 = OldDebug|x64
		{BDD29F1A-A412-49AB-BCA5-4ABDE972CCD0}.OldDebug|x86.ActiveCfg = OldDebug|Win32
		{BDD29F1A-A412-49AB-BCA5-4ABDE972CCD0}.OldDebug|x86.Build.0 = OldDebug|Win32
		{BDD29F1A-A412-49AB-BCA5-4ABDE972CCD0}.Release|x64.ActiveCfg = Release|x64
		{BDD29F1A-A412-49AB-BCA5-4ABDE972CCD0}.Release|x64.Build.0 = Release|x64
		{BDD29F1A-A412-49AB-BCA5-4ABDE972CCD0}.Release|x86.ActiveCfg = Release|Win32
		{BDD29F1A-A412-49AB-BCA5-4ABDE972CCD0}.Release|x86.Build.0 = Release|Win32
		{EB970504-1E3B-497A-B585-9757B2E0CA8A}.Debug|x64.ActiveCfg = Debug|x64
		{EB970504-1E3B-497A-B585-9757B2E0CA8A}.Debug|x64.Build.0 = Debug|x64
		{EB970504-1E3B-497A-B585-9757B2E0CA8A}.Debug|x86.ActiveCfg = Debug|Win32
		{EB970504-1E3B-497A-B585-9757B2E0CA8A}.Debug|x86.Build.0 = Debug|Win32
		{EB970504-1E3B-497A-B585-9757B2E0CA8A}.OldDebug|x64.ActiveCfg = OldDebug|x64
		{EB970504-1E3B-497A-B585-9757B2E0CA8A}.OldDebug|x64.Build.0 = OldDebug|x64
		{EB970504-1E3B-497A-B585-9757B2E0CA8A}.OldDebug|x86.ActiveCfg = OldDebug|Win32
		{EB970504-1E3B-497A-B585-9757B2E0CA8A}.OldDebug|x86.Build.0 = OldDebug|Win32
		{EB970504-1E3B-497A-B585-9757B2E0CA8A}.Release|x64.ActiveCfg = Release|x64
		{EB970504-1E3B-497A-B585-9757B2E0CA8A}.Release|x64.Build.0 = Release|x64
		{EB970504-1E3B-497A-B585-9757B2E0CA8A}.Release|x86.ActiveCfg = Release|Win32
		{EB970504-1E3B-497A-B585-9757B2E0CA8A}.Release|x86.Build.0 = Release|Win32
		{4C9186F8-8454-43AC-BDEC-7C1DAC8019BA}.Debug|x64.ActiveCfg = Debug|x64
		{4C9186F8-8454-43AC-BDEC-7C1DAC8019BA}.Debug|x64.Build.0 = Debug|x64
		{4C9186F8-8454-43AC-BDEC-7C1DAC8019BA}.Debug|x86.ActiveCfg = Debug|Win32
		{4C9186F8-8454-43AC-BDEC-7C1DAC8019BA}.Debug|x86.Build.0 = Debug|Win32
		{4C9186F8-8454-43AC-BDEC-7C1DAC8019BA}.OldDebug|x64.ActiveCfg = OldDebug|x64
		{4C9186F8-8454-43AC-BDEC-7C1DAC8019BA}.OldDebug|x64.Build.0 = OldDebug|x64
		{4C9186F8-8454-43AC-BDEC-7C1DAC8019BA}.OldDebug|x86.ActiveCfg = OldDebug|Win32
		{4C9186F8-8454-43AC-BDEC-7C1DAC8019BA}.OldDebug|x86.Build.0 = OldDebug|Win32
		{4C9186F8-8454-43AC-BDEC-7C1DAC8019BA}.Release|x64.ActiveCfg = Release|x64
		{4C9186F8-8454-43AC-BDEC-7C1DAC8019BA}.Release|x64.Build.0 = Release|x64
		{4C9186F8-8454-43AC-BDEC-7C1DAC8019BA}.Release|x86.ActiveCfg = Release|Win32
		{4C9186F8-8454-43AC-BDEC-7C1DAC8019BA}.Release|x86.Build.0 = Release|Win32
		{0E39AFED-B3C1-49A9-9C03-9238C7BC651F}.Debug|x64.ActiveCfg = Debug|x64
		{0E39AFED-B3C1-49A9-9C03-9238C7BC651F}.Debug|x64.Build.0 = Debug|x64
		{0E39AFED-B3C1-49A9-9C03-9238C7BC651F}.Debug|x86.ActiveCfg = Debug|Win32
		{0E39AFED-B3C1-49A9-9C03-9238C7BC651F}.Debug|x86.Build.0 = Debug|Win32
		{0E39AFED-B3C1-49A9-9C03-9238C7BC651F}.OldDebug|x64.ActiveCfg = OldDebug|x64
		{0E39AFED-B3C1-49A9-9C03-9238C7BC651F}.OldDebug|x64.Build.0 = OldDebug|x64
		{0E39AFED-B3C1-49A9-9C03-9238C7BC651F}.OldDebug|x86.ActiveCfg = OldDebug|Win32
		{0E39AFED-B3C1-49A9-9C03-9238C7BC651F}.OldDebug|x86.Build.0 = OldDebug|Win32
		{0E39AFED-B3C1-49A9-9C03-9238C7BC651F}.Release|x64.ActiveCfg = Release|x64
		{0E39AFED-B3C1-49A9-9C03-9238C7BC651F}.Release|x64.Build.0 = Release|x64
		{0E39AFED-B3C1-49A9-9C03-9238C7BC651F}.Release|x86.ActiveCfg = Release|Win32
		{0E39AFED-B3C1-49A9-9C03-9238C7BC651F}.Release|x86.Build.0 = Release|Win32
		{25F4B6F2-30F1-457C-A037-55F357FB25E3}.Debug|x64.ActiveCfg = Debug|x64
		{25F4B6F2-30F1-457C-A037-55F357FB25E3}.Debug|x64.Build.0 = Debug|x64
		{25F4B6F2-30F1-457C-A037-55F357FB25E3}.Debug|x86.ActiveCfg = Debug|Win32
		{25F4B6F2-30F1-457C-A037-55F357FB25E3}.Debug|x86.Build.0 = Debug|Win32
		{25F4B6F2-30F1-457C-A037-55F357FB25E3}.OldDebug|x64.ActiveCfg = Debug|x64
		{25F4B6F2-30F1-457C-A037-55F357FB25E3}.OldDebug|x64.Build.0 = Debug|x64
		{25F4B6F2-30F1-457C-A037-55F357FB25E3}.OldDebug|x86.ActiveCfg = Debug|Win32
		{25F4B6F2-30F1-457C-A037-55F357FB25E3}.OldDebug|x86.Build.0 = Debug|Win32
		{25F4B6F2-30F1-457C-A037-55F357FB25E3}.Release|x64.ActiveCfg = Release|x64
		{25F4B6F2-30F1-457C-A037-55F357FB25E3}.Release|x64.Build.0 = Release|x64
		{25F4B6F2-30F1-457C-A037-55F357FB25E3}.Release|x86.ActiveCfg = Release|Win32
		{25F4B6F2-30F1-457C-A037-55F357FB25E3}.Release|x86.Build.0 = Release|Win32
		{45CE2145-26B3-41FC-8650-B1F94255C350}.Debug|x64.ActiveCfg = Debug|x64
		{45CE2145-26B3-41FC-8650-B1F94255C350}.Debug|x64.Build.0 = Debug|x64
		{45CE2145-26B3-41FC-8650-B1F94255C350}.Debug|x86.ActiveCfg = Debug|Win32
		{45CE2145-26B3-41FC-8650-B1F94255C350}.Debug|x86.Build.0 = Debug|Win32
		{45CE2145-26B3-41FC-8650-B1F94255C350}.OldDebug|x64.ActiveCfg = Debug|x64
		{45CE2145-26B3-41FC-8650-B1F94255C350}.OldDebug|x64.Build.0 = Debug|x64
		{45CE2145-26B3-41FC-8650-B1F94255C350}.OldDebug|x86.ActiveCfg = Debug|Win32
		{45CE2145-26B3-41FC-8650-B1F94255C350}.OldDebug|x86.Build.0 = Debug|Win32
		{45CE2145-26B3-41FC-8650-B1F94255C350}.Release|x64.ActiveCfg = Release|x64
		{45CE2145-26B3-41FC-8650-B1F94255C350}.Release|x64.Build.0 = Release|x64
		{45CE2145-26B3-41FC-8650-B1F94255C350}.Release|x86.ActiveCfg = Release|Win32
		{45CE2145-26B3-41FC-8650-B1F94255C350}.Release|x86.Build.0 = Release|Win32
		{10BD468D-4F19-4FB4-AC89-71FC1DD2A802}.Debug|x64.ActiveCfg = Debug|x64
		{10BD468D-4F19-4FB4-AC89-71FC1DD2A802}.Debug|x64.Build.0 = Debug|x64
		{10BD468D-4F19-4FB4-AC89-71FC1DD2A802}.Debug|x86.ActiveCfg = Debug|Win32
		{10BD468D-4F19-4FB4-AC89-71FC1DD2A802}.Debug|x86.Build.0 = Debug|Win32
		{10BD468D-4F19-4FB4-AC89-71FC1DD2A802}.OldDebug|x64.ActiveCfg = Debug|x64
		{10BD468D-4F19-4FB4-AC89-71FC1DD2A802}.OldDebug|x64.Build.0 = Debug|x64
		{10BD468D-4F19-4FB4-AC89-71FC1DD2A802}.OldDebug|x86.ActiveCfg = Debug|Win32
		{10BD468D-4F19-4FB4-AC89-71FC1DD2A802}.OldDebug|x86.Build.0 = Debug|Win32
		{10BD468D-4F19-4FB4-AC89-71FC1DD2A802}.Release|x64.ActiveCfg = Release|x64
		{10BD468D-4F19-4FB4-AC89-71FC1DD2A802}.Release|x64.Build.0 = Release|x64
		{10BD468D-4F19-4FB4-AC89-71FC1DD2A802}.Release|x86.ActiveCfg = Release|Win32
		{10BD468D-4F19-4FB4-AC89-71FC1DD2A802}.Release|x86.Build.0 = Release|Win32
		{8D3FBA19-A9A1-4480-8C70-349BAC04CAEA}.Debug|x64.ActiveCfg = Debug|x64
		{8D3FBA19-A9A1-4480-8C70-349BAC04CAEA}.Debug|x64.Build.0 = Debug|x64
		{8D3FBA19-A9A1-4480-8C70-349BAC04CAEA}.Debug|x86.ActiveCfg = Debug|Win32
		{8D3FBA19-A9A1-4480-8C70-349BAC04CAEA}.Debug|x86.Build.0 = Debug|Win32
		{8D3FBA19-A9A1-4480-8C70-349BAC04CAEA}.OldDebug|x64.ActiveCfg = Debug|x64
		{8D3FBA19-A9A1-4480-8C70-349BAC04CAEA}.OldDebug|x64.Build.0 = Debug|x64
		{8D3FBA19-A9A1-4480-8C70-349BAC04CAEA}.OldDebug|x86.ActiveCfg = Debug|Win32
		{8D3FBA19-A9A1-4480-8C70-349BAC04CAEA}.OldDebug|x86.Build.0 = Debug|Win32
		{8D3FBA19-A9A1-4480-8C70-349BAC04CAEA}.Release|x64.ActiveCfg = Release|x64
		{8D3FBA19-A9A1-4480-8C70-349BAC04CAEA}.Release|x64.Build.0 = Release|x64
		{8D3FBA19-A9A1-4480-8C70-349BAC04CAEA}.Release|x86.ActiveCfg = Release|Win32
		{8D3FBA19-A9A1-4480-8C70-349BAC04CAEA}.Release|x86.Build.0 = Release|Win32
	EndGlobalSection
	GlobalSection(SolutionProperties) = preSolution
		HideSolutionNode = FALSE
	EndGlobalSection
	GlobalSection(ExtensibilityGlobals) = postSolution
		SolutionGuid = {0DF374F9-0BA3-4A9B-A094-68716D87EAEB}
	EndGlobalSection
EndGlobal
